<?xml version="1.0" encoding="utf-8"?>
<Project ToolsVersion="4.0" xmlns="http://schemas.microsoft.com/developer/msbuild/2003">
  <ItemGroup>
    <ClCompile Include="days.cpp" />
    <ClCompile Include="csxhook\CSX_Cvar.cpp" />
    <ClCompile Include="csxhook\CSX_Hook.cpp" />
    <ClCompile Include="csxhook\CSX_Log.cpp" />
    <ClCompile Include="csxhook\CSX_Memory.cpp" />
    <ClCompile Include="csxhook\CSX_Utils.cpp" />
    <ClCompile Include="cheat\Backtrack\Backtrack.cpp" />
    <ClCompile Include="cheat\GranadeHelper\CGrenadeAPI.cpp" />
    <ClCompile Include="cheat\Legitbot\Legitbot.cpp" />
    <ClCompile Include="cheat\Menu\menu.cpp" />
    <ClCompile Include="cheat\Misc\Misc.cpp" />
    <ClCompile Include="cheat\Radar\Radar.cpp" />
    <ClCompile Include="cheat\Skins\DynSkin.cpp" />
    <ClCompile Include="cheat\Skins\Skins.cpp" />
    <ClCompile Include="cheat\Triggerbot\Triggerbot.cpp" />
    <ClCompile Include="cheat\Visuals\Visuals.cpp" />
    <ClCompile Include="cheat\VMT\Vmthook.cpp" />
    <ClCompile Include="pGUI\Gui.cpp" />
    <ClCompile Include="main\Main.cpp" />
    <ClCompile Include="cheat\Popup\Popup.cpp" />
    <ClCompile Include="settings\Settings.cpp" />
    <ClCompile Include="users\users.cpp" />
    <ClCompile Include="sdk\CRC.cpp" />
    <ClCompile Include="sdk\KeyValues.cpp" />
    <ClCompile Include="sdk\SDK.cpp" />
    <ClCompile Include="sdk\Sounds.cpp" />
    <ClCompile Include="sdk\Vector.cpp" />
    <ClCompile Include="sdk\Vector2D.cpp" />
    <ClCompile Include="sdk\Vector4D.cpp" />
    <ClCompile Include="sdk\VMatrix.cpp" />
    <ClCompile Include="cheat\AA\antiaim.cpp" />
    <ClCompile Include="shokeGUI\imgui.cpp" />
    <ClCompile Include="shokeGUI\imgui_demo.cpp" />
    <ClCompile Include="shokeGUI\imgui_draw.cpp" />
    <ClCompile Include="shokeGUI\imgui_impl_dx9.cpp" />
    <ClCompile Include="mode\ReflectiveLoader.cpp" />
    <ClCompile Include="hooks\Engine.cpp" />
    <ClCompile Include="hooks\Entity.cpp" />
    <ClCompile Include="hooks\Hook.cpp" />
    <ClCompile Include="hooks\NetVar.cpp" />
    <ClCompile Include="hooks\Offset.cpp" />
    <ClCompile Include="hooks\Players.cpp" />
    <ClCompile Include="hooks\Render.cpp" />
    <ClCompile Include="hooks\Weapon.cpp" />
    <ClCompile Include="spoof.cpp" />
  </ItemGroup>
  <ItemGroup>
    <ClInclude Include="days.h" />
    <ClInclude Include="csxhook\CSX.h" />
    <ClInclude Include="csxhook\CSX_Cvar.h" />
    <ClInclude Include="csxhook\CSX_Hook.h" />
    <ClInclude Include="csxhook\CSX_Log.h" />
    <ClInclude Include="csxhook\CSX_Memory.h" />
    <ClInclude Include="csxhook\CSX_Utils.h" />
    <ClInclude Include="cheat\Backtrack\Backtrack.h" />
    <ClInclude Include="cheat\GranadeHelper\CGrenadeAPI.h" />
    <ClInclude Include="cheat\Image\skeetwatermark.h" />
    <ClInclude Include="cheat\Legitbot\Legitbot.h" />
    <ClInclude Include="cheat\Menu\menu.h" />
    <ClInclude Include="cheat\Misc\Misc.h" />
    <ClInclude Include="cheat\Radar\Radar.h" />
    <ClInclude Include="cheat\Skins\DynSkin.h" />
    <ClInclude Include="cheat\Skins\Skins.h" />
    <ClInclude Include="cheat\Triggerbot\Triggerbot.h" />
    <ClInclude Include="cheat\Visuals\Visuals.h" />
    <ClInclude Include="cheat\VMT\Vmthook.h" />
    <ClInclude Include="cheat\skeet.h" />
    <ClInclude Include="pGUI\Gui.h" />
    <ClInclude Include="main\Main.h" />
    <ClInclude Include="cheat\Popup\Popup.h" />
    <ClInclude Include="settings\Settings.h" />
    <ClInclude Include="cheat.h" />
    <ClInclude Include="users\users.h" />
    <ClInclude Include="sdk\BaseTypes.h" />
    <ClInclude Include="sdk\beambullets.h" />
    <ClInclude Include="sdk\BeamsInclude.h" />
    <ClInclude Include="sdk\ButtonCode.h" />
    <ClInclude Include="sdk\CGlobalVarsBase.hpp" />
    <ClInclude Include="sdk\CHandle.hpp" />
    <ClInclude Include="sdk\CInput.hpp" />
    <ClInclude Include="sdk\ClientClass.hpp" />
    <ClInclude Include="sdk\Color.hpp" />
    <ClInclude Include="sdk\Const.h" />
    <ClInclude Include="sdk\CRC.hpp" />
    <ClInclude Include="sdk\CVar.h" />
    <ClInclude Include="sdk\Definitions.hpp" />
    <ClInclude Include="sdk\IAppSystem.hpp" />
    <ClInclude Include="sdk\IBaseClientDll.hpp" />
    <ClInclude Include="sdk\IClientEntity.hpp" />
    <ClInclude Include="sdk\IClientEntityList.hpp" />
    <ClInclude Include="sdk\IClientMode.hpp" />
    <ClInclude Include="sdk\IClientNetworkable.hpp" />
    <ClInclude Include="sdk\IClientRenderable.hpp" />
    <ClInclude Include="sdk\IClientThinkable.hpp" />
    <ClInclude Include="sdk\IClientUnknown.hpp" />
    <ClInclude Include="sdk\ICollideable.h" />
    <ClInclude Include="sdk\IDebugOverlay.hpp" />
    <ClInclude Include="sdk\IEffects.h" />
    <ClInclude Include="sdk\IEngineSound.h" />
    <ClInclude Include="sdk\IEngineTrace.hpp" />
    <ClInclude Include="sdk\IGameEvent.h" />
    <ClInclude Include="sdk\IHandleEntity.hpp" />
    <ClInclude Include="sdk\IMaterial.h" />
    <ClInclude Include="sdk\IMaterialSystem.h" />
    <ClInclude Include="sdk\InputEnums.h" />
    <ClInclude Include="sdk\ISurface.h" />
    <ClInclude Include="sdk\IVEngineClient.hpp" />
    <ClInclude Include="sdk\IViewRenderBeams.h" />
    <ClInclude Include="sdk\IVModelInfoClient.hpp" />
    <ClInclude Include="sdk\IVModelRender.h" />
    <ClInclude Include="sdk\IVRenderView.h" />
    <ClInclude Include="sdk\KeyValues.h" />
    <ClInclude Include="sdk\PlayerInfo.hpp" />
    <ClInclude Include="sdk\QAngle.hpp" />
    <ClInclude Include="sdk\Recv.hpp" />
    <ClInclude Include="sdk\RecvCommon.hpp" />
    <ClInclude Include="sdk\SDK.h" />
    <ClInclude Include="sdk\Sounds.h" />
    <ClInclude Include="sdk\TextureGroupNames.h" />
    <ClInclude Include="sdk\Vector.hpp" />
    <ClInclude Include="sdk\Vector2D.hpp" />
    <ClInclude Include="sdk\Vector4D.hpp" />
    <ClInclude Include="sdk\VMatrix.hpp" />
    <ClInclude Include="sdk\Vplane.h" />
    <ClInclude Include="cheat\AA\antiaim.h" />
    <ClInclude Include="shokeGUI\imconfig.h" />
    <ClInclude Include="shokeGUI\imgui.h" />
    <ClInclude Include="shokeGUI\imgui_impl_dx9.h" />
    <ClInclude Include="shokeGUI\imgui_internal.h" />
    <ClInclude Include="shokeGUI\stb_rect_pack.h" />
    <ClInclude Include="shokeGUI\stb_textedit.h" />
    <ClInclude Include="shokeGUI\stb_truetype.h" />
    <ClInclude Include="mode\ReflectiveDLLInjection.h" />
    <ClInclude Include="mode\ReflectiveLoader.h" />
    <ClInclude Include="hooks\Engine.h" />
    <ClInclude Include="hooks\Entity.h" />
    <ClInclude Include="hooks\Hook.h" />
    <ClInclude Include="hooks\NetVar.h" />
    <ClInclude Include="hooks\Offset.h" />
    <ClInclude Include="hooks\Players.h" />
    <ClInclude Include="hooks\Render.h" />
    <ClInclude Include="hooks\Weapon.h" />
    <ClInclude Include="spoof.h" />
  </ItemGroup>
</Project>